
Microsoft Visual Studio Solution File, Format Version 12.00
# Visual Studio 15
VisualStudioVersion = 15.0.28307.705
MinimumVisualStudioVersion = 10.0.40219.1
Project("{FAE04EC0-301F-11D3-BF4B-00C04F79EFBC}") = "XamarinProj.Android", "XamarinProj\XamarinProj.Android\XamarinProj.Android.csproj", "{D7F558F9-1053-4773-9459-6E8B92D1300F}"
EndProject
Project("{FAE04EC0-301F-11D3-BF4B-00C04F79EFBC}") = "XamarinProj.iOS", "XamarinProj\XamarinProj.iOS\XamarinProj.iOS.csproj", "{0236A053-52A4-4AE7-B906-23574D8F53EF}"
EndProject
Project("{FAE04EC0-301F-11D3-BF4B-00C04F79EFBC}") = "XamarinProj.UWP", "XamarinProj\XamarinProj.UWP\XamarinProj.UWP.csproj", "{55D21E2B-7F13-4B7B-ABCC-4DCC2CFC98C1}"
EndProject
Project("{FAE04EC0-301F-11D3-BF4B-00C04F79EFBC}") = "XamarinProj", "XamarinProj\XamarinProj\XamarinProj.csproj", "{7682EEE2-2A9F-4CEF-8952-4EFFF0958853}"
EndProject
Global
	GlobalSection(SolutionConfigurationPlatforms) = preSolution
		Ad-Hoc|Any CPU = Ad-Hoc|Any CPU
		Ad-Hoc|ARM = Ad-Hoc|ARM
		Ad-Hoc|iPhone = Ad-Hoc|iPhone
		Ad-Hoc|iPhoneSimulator = Ad-Hoc|iPhoneSimulator
		Ad-Hoc|x64 = Ad-Hoc|x64
		Ad-Hoc|x86 = Ad-Hoc|x86
		AppStore|Any CPU = AppStore|Any CPU
		AppStore|ARM = AppStore|ARM
		AppStore|iPhone = AppStore|iPhone
		AppStore|iPhoneSimulator = AppStore|iPhoneSimulator
		AppStore|x64 = AppStore|x64
		AppStore|x86 = AppStore|x86
		Debug|Any CPU = Debug|Any CPU
		Debug|ARM = Debug|ARM
		Debug|iPhone = Debug|iPhone
		Debug|iPhoneSimulator = Debug|iPhoneSimulator
		Debug|x64 = Debug|x64
		Debug|x86 = Debug|x86
		Release|Any CPU = Release|Any CPU
		Release|ARM = Release|ARM
		Release|iPhone = Release|iPhone
		Release|iPhoneSimulator = Release|iPhoneSimulator
		Release|x64 = Release|x64
		Release|x86 = Release|x86
	EndGlobalSection
	GlobalSection(ProjectConfigurationPlatforms) = postSolution
		{D7F558F9-1053-4773-9459-6E8B92D1300F}.Ad-Hoc|Any CPU.ActiveCfg = Release|Any CPU
		{D7F558F9-1053-4773-9459-6E8B92D1300F}.Ad-Hoc|Any CPU.Build.0 = Release|Any CPU
		{D7F558F9-1053-4773-9459-6E8B92D1300F}.Ad-Hoc|Any CPU.Deploy.0 = Release|Any CPU
		{D7F558F9-1053-4773-9459-6E8B92D1300F}.Ad-Hoc|ARM.ActiveCfg = Release|Any CPU
		{D7F558F9-1053-4773-9459-6E8B92D1300F}.Ad-Hoc|ARM.Build.0 = Release|Any CPU
		{D7F558F9-1053-4773-9459-6E8B92D1300F}.Ad-Hoc|ARM.Deploy.0 = Release|Any CPU
		{D7F558F9-1053-4773-9459-6E8B92D1300F}.Ad-Hoc|iPhone.ActiveCfg = Release|Any CPU
		{D7F558F9-1053-4773-9459-6E8B92D1300F}.Ad-Hoc|iPhone.Build.0 = Release|Any CPU
		{D7F558F9-1053-4773-9459-6E8B92D1300F}.Ad-Hoc|iPhone.Deploy.0 = Release|Any CPU
		{D7F558F9-1053-4773-9459-6E8B92D1300F}.Ad-Hoc|iPhoneSimulator.ActiveCfg = Release|Any CPU
		{D7F558F9-1053-4773-9459-6E8B92D1300F}.Ad-Hoc|iPhoneSimulator.Build.0 = Release|Any CPU
		{D7F558F9-1053-4773-9459-6E8B92D1300F}.Ad-Hoc|iPhoneSimulator.Deploy.0 = Release|Any CPU
		{D7F558F9-1053-4773-9459-6E8B92D1300F}.Ad-Hoc|x64.ActiveCfg = Release|Any CPU
		{D7F558F9-1053-4773-9459-6E8B92D1300F}.Ad-Hoc|x64.Build.0 = Release|Any CPU
		{D7F558F9-1053-4773-9459-6E8B92D1300F}.Ad-Hoc|x64.Deploy.0 = Release|Any CPU
		{D7F558F9-1053-4773-9459-6E8B92D1300F}.Ad-Hoc|x86.ActiveCfg = Release|Any CPU
		{D7F558F9-1053-4773-9459-6E8B92D1300F}.Ad-Hoc|x86.Build.0 = Release|Any CPU
		{D7F558F9-1053-4773-9459-6E8B92D1300F}.Ad-Hoc|x86.Deploy.0 = Release|Any CPU
		{D7F558F9-1053-4773-9459-6E8B92D1300F}.AppStore|Any CPU.ActiveCfg = Release|Any CPU
		{D7F558F9-1053-4773-9459-6E8B92D1300F}.AppStore|Any CPU.Build.0 = Release|Any CPU
		{D7F558F9-1053-4773-9459-6E8B92D1300F}.AppStore|Any CPU.Deploy.0 = Release|Any CPU
		{D7F558F9-1053-4773-9459-6E8B92D1300F}.AppStore|ARM.ActiveCfg = Release|Any CPU
		{D7F558F9-1053-4773-9459-6E8B92D1300F}.AppStore|ARM.Build.0 = Release|Any CPU
		{D7F558F9-1053-4773-9459-6E8B92D1300F}.AppStore|ARM.Deploy.0 = Release|Any CPU
		{D7F558F9-1053-4773-9459-6E8B92D1300F}.AppStore|iPhone.ActiveCfg = Release|Any CPU
		{D7F558F9-1053-4773-9459-6E8B92D1300F}.AppStore|iPhone.Build.0 = Release|Any CPU
		{D7F558F9-1053-4773-9459-6E8B92D1300F}.AppStore|iPhone.Deploy.0 = Release|Any CPU
		{D7F558F9-1053-4773-9459-6E8B92D1300F}.AppStore|iPhoneSimulator.ActiveCfg = Release|Any CPU
		{D7F558F9-1053-4773-9459-6E8B92D1300F}.AppStore|iPhoneSimulator.Build.0 = Release|Any CPU
		{D7F558F9-1053-4773-9459-6E8B92D1300F}.AppStore|iPhoneSimulator.Deploy.0 = Release|Any CPU
		{D7F558F9-1053-4773-9459-6E8B92D1300F}.AppStore|x64.ActiveCfg = Release|Any CPU
		{D7F558F9-1053-4773-9459-6E8B92D1300F}.AppStore|x64.Build.0 = Release|Any CPU
		{D7F558F9-1053-4773-9459-6E8B92D1300F}.AppStore|x64.Deploy.0 = Release|Any CPU
		{D7F558F9-1053-4773-9459-6E8B92D1300F}.AppStore|x86.ActiveCfg = Release|Any CPU
		{D7F558F9-1053-4773-9459-6E8B92D1300F}.AppStore|x86.Build.0 = Release|Any CPU
		{D7F558F9-1053-4773-9459-6E8B92D1300F}.AppStore|x86.Deploy.0 = Release|Any CPU
		{D7F558F9-1053-4773-9459-6E8B92D1300F}.Debug|Any CPU.ActiveCfg = Debug|Any CPU
		{D7F558F9-1053-4773-9459-6E8B92D1300F}.Debug|Any CPU.Build.0 = Debug|Any CPU
		{D7F558F9-1053-4773-9459-6E8B92D1300F}.Debug|Any CPU.Deploy.0 = Debug|Any CPU
		{D7F558F9-1053-4773-9459-6E8B92D1300F}.Debug|ARM.ActiveCfg = Debug|Any CPU
		{D7F558F9-1053-4773-9459-6E8B92D1300F}.Debug|ARM.Build.0 = Debug|Any CPU
		{D7F558F9-1053-4773-9459-6E8B92D1300F}.Debug|ARM.Deploy.0 = Debug|Any CPU
		{D7F558F9-1053-4773-9459-6E8B92D1300F}.Debug|iPhone.ActiveCfg = Debug|Any CPU
		{D7F558F9-1053-4773-9459-6E8B92D1300F}.Debug|iPhone.Build.0 = Debug|Any CPU
		{D7F558F9-1053-4773-9459-6E8B92D1300F}.Debug|iPhone.Deploy.0 = Debug|Any CPU
		{D7F558F9-1053-4773-9459-6E8B92D1300F}.Debug|iPhoneSimulator.ActiveCfg = Debug|Any CPU
		{D7F558F9-1053-4773-9459-6E8B92D1300F}.Debug|iPhoneSimulator.Build.0 = Debug|Any CPU
		{D7F558F9-1053-4773-9459-6E8B92D1300F}.Debug|iPhoneSimulator.Deploy.0 = Debug|Any CPU
		{D7F558F9-1053-4773-9459-6E8B92D1300F}.Debug|x64.ActiveCfg = Debug|Any CPU
		{D7F558F9-1053-4773-9459-6E8B92D1300F}.Debug|x64.Build.0 = Debug|Any CPU
		{D7F558F9-1053-4773-9459-6E8B92D1300F}.Debug|x64.Deploy.0 = Debug|Any CPU
		{D7F558F9-1053-4773-9459-6E8B92D1300F}.Debug|x86.ActiveCfg = Debug|Any CPU
		{D7F558F9-1053-4773-9459-6E8B92D1300F}.Debug|x86.Build.0 = Debug|Any CPU
		{D7F558F9-1053-4773-9459-6E8B92D1300F}.Debug|x86.Deploy.0 = Debug|Any CPU
		{D7F558F9-1053-4773-9459-6E8B92D1300F}.Release|Any CPU.ActiveCfg = Release|Any CPU
		{D7F558F9-1053-4773-9459-6E8B92D1300F}.Release|Any CPU.Build.0 = Release|Any CPU
		{D7F558F9-1053-4773-9459-6E8B92D1300F}.Release|Any CPU.Deploy.0 = Release|Any CPU
		{D7F558F9-1053-4773-9459-6E8B92D1300F}.Release|ARM.ActiveCfg = Release|Any CPU
		{D7F558F9-1053-4773-9459-6E8B92D1300F}.Release|ARM.Build.0 = Release|Any CPU
		{D7F558F9-1053-4773-9459-6E8B92D1300F}.Release|ARM.Deploy.0 = Release|Any CPU
		{D7F558F9-1053-4773-9459-6E8B92D1300F}.Release|iPhone.ActiveCfg = Release|Any CPU
		{D7F558F9-1053-4773-9459-6E8B92D1300F}.Release|iPhone.Build.0 = Release|Any CPU
		{D7F558F9-1053-4773-9459-6E8B92D1300F}.Release|iPhone.Deploy.0 = Release|Any CPU
		{D7F558F9-1053-4773-9459-6E8B92D1300F}.Release|iPhoneSimulator.ActiveCfg = Release|Any CPU
		{D7F558F9-1053-4773-9459-6E8B92D1300F}.Release|iPhoneSimulator.Build.0 = Release|Any CPU
		{D7F558F9-1053-4773-9459-6E8B92D1300F}.Release|iPhoneSimulator.Deploy.0 = Release|Any CPU
		{D7F558F9-1053-4773-9459-6E8B92D1300F}.Release|x64.ActiveCfg = Release|Any CPU
		{D7F558F9-1053-4773-9459-6E8B92D1300F}.Release|x64.Build.0 = Release|Any CPU
		{D7F558F9-1053-4773-9459-6E8B92D1300F}.Release|x64.Deploy.0 = Release|Any CPU
		{D7F558F9-1053-4773-9459-6E8B92D1300F}.Release|x86.ActiveCfg = Release|Any CPU
		{D7F558F9-1053-4773-9459-6E8B92D1300F}.Release|x86.Build.0 = Release|Any CPU
		{D7F558F9-1053-4773-9459-6E8B92D1300F}.Release|x86.Deploy.0 = Release|Any CPU
		{0236A053-52A4-4AE7-B906-23574D8F53EF}.Ad-Hoc|Any CPU.ActiveCfg = Ad-Hoc|iPhone
		{0236A053-52A4-4AE7-B906-23574D8F53EF}.Ad-Hoc|Any CPU.Build.0 = Ad-Hoc|iPhone
		{0236A053-52A4-4AE7-B906-23574D8F53EF}.Ad-Hoc|Any CPU.Deploy.0 = Ad-Hoc|iPhone
		{0236A053-52A4-4AE7-B906-23574D8F53EF}.Ad-Hoc|ARM.ActiveCfg = Ad-Hoc|iPhone
		{0236A053-52A4-4AE7-B906-23574D8F53EF}.Ad-Hoc|ARM.Build.0 = Ad-Hoc|iPhone
		{0236A053-52A4-4AE7-B906-23574D8F53EF}.Ad-Hoc|ARM.Deploy.0 = Ad-Hoc|iPhone
		{0236A053-52A4-4AE7-B906-23574D8F53EF}.Ad-Hoc|iPhone.ActiveCfg = Ad-Hoc|iPhone
		{0236A053-52A4-4AE7-B906-23574D8F53EF}.Ad-Hoc|iPhone.Build.0 = Ad-Hoc|iPhone
		{0236A053-52A4-4AE7-B906-23574D8F53EF}.Ad-Hoc|iPhone.Deploy.0 = Ad-Hoc|iPhone
		{0236A053-52A4-4AE7-B906-23574D8F53EF}.Ad-Hoc|iPhoneSimulator.ActiveCfg = Ad-Hoc|iPhoneSimulator
		{0236A053-52A4-4AE7-B906-23574D8F53EF}.Ad-Hoc|iPhoneSimulator.Build.0 = Ad-Hoc|iPhoneSimulator
		{0236A053-52A4-4AE7-B906-23574D8F53EF}.Ad-Hoc|iPhoneSimulator.Deploy.0 = Ad-Hoc|iPhoneSimulator
		{0236A053-52A4-4AE7-B906-23574D8F53EF}.Ad-Hoc|x64.ActiveCfg = Ad-Hoc|iPhone
		{0236A053-52A4-4AE7-B906-23574D8F53EF}.Ad-Hoc|x64.Build.0 = Ad-Hoc|iPhone
		{0236A053-52A4-4AE7-B906-23574D8F53EF}.Ad-Hoc|x64.Deploy.0 = Ad-Hoc|iPhone
		{0236A053-52A4-4AE7-B906-23574D8F53EF}.Ad-Hoc|x86.ActiveCfg = Ad-Hoc|iPhone
		{0236A053-52A4-4AE7-B906-23574D8F53EF}.Ad-Hoc|x86.Build.0 = Ad-Hoc|iPhone
		{0236A053-52A4-4AE7-B906-23574D8F53EF}.Ad-Hoc|x86.Deploy.0 = Ad-Hoc|iPhone
		{0236A053-52A4-4AE7-B906-23574D8F53EF}.AppStore|Any CPU.ActiveCfg = AppStore|iPhone
		{0236A053-52A4-4AE7-B906-23574D8F53EF}.AppStore|Any CPU.Build.0 = AppStore|iPhone
		{0236A053-52A4-4AE7-B906-23574D8F53EF}.AppStore|Any CPU.Deploy.0 = AppStore|iPhone
		{0236A053-52A4-4AE7-B906-23574D8F53EF}.AppStore|ARM.ActiveCfg = AppStore|iPhone
		{0236A053-52A4-4AE7-B906-23574D8F53EF}.AppStore|ARM.Build.0 = AppStore|iPhone
		{0236A053-52A4-4AE7-B906-23574D8F53EF}.AppStore|ARM.Deploy.0 = AppStore|iPhone
		{0236A053-52A4-4AE7-B906-23574D8F53EF}.AppStore|iPhone.ActiveCfg = AppStore|iPhone
		{0236A053-52A4-4AE7-B906-23574D8F53EF}.AppStore|iPhone.Build.0 = AppStore|iPhone
		{0236A053-52A4-4AE7-B906-23574D8F53EF}.AppStore|iPhone.Deploy.0 = AppStore|iPhone
		{0236A053-52A4-4AE7-B906-23574D8F53EF}.AppStore|iPhoneSimulator.ActiveCfg = AppStore|iPhoneSimulator
		{0236A053-52A4-4AE7-B906-23574D8F53EF}.AppStore|iPhoneSimulator.Build.0 = AppStore|iPhoneSimulator
		{0236A053-52A4-4AE7-B906-23574D8F53EF}.AppStore|iPhoneSimulator.Deploy.0 = AppStore|iPhoneSimulator
		{0236A053-52A4-4AE7-B906-23574D8F53EF}.AppStore|x64.ActiveCfg = AppStore|iPhone
		{0236A053-52A4-4AE7-B906-23574D8F53EF}.AppStore|x64.Build.0 = AppStore|iPhone
		{0236A053-52A4-4AE7-B906-23574D8F53EF}.AppStore|x64.Deploy.0 = AppStore|iPhone
		{0236A053-52A4-4AE7-B906-23574D8F53EF}.AppStore|x86.ActiveCfg = AppStore|iPhone
		{0236A053-52A4-4AE7-B906-23574D8F53EF}.AppStore|x86.Build.0 = AppStore|iPhone
		{0236A053-52A4-4AE7-B906-23574D8F53EF}.AppStore|x86.Deploy.0 = AppStore|iPhone
		{0236A053-52A4-4AE7-B906-23574D8F53EF}.Debug|Any CPU.ActiveCfg = Debug|iPhoneSimulator
		{0236A053-52A4-4AE7-B906-23574D8F53EF}.Debug|Any CPU.Build.0 = Debug|iPhoneSimulator
		{0236A053-52A4-4AE7-B906-23574D8F53EF}.Debug|Any CPU.Deploy.0 = Debug|iPhoneSimulator
		{0236A053-52A4-4AE7-B906-23574D8F53EF}.Debug|ARM.ActiveCfg = Debug|iPhone
		{0236A053-52A4-4AE7-B906-23574D8F53EF}.Debug|ARM.Build.0 = Debug|iPhone
		{0236A053-52A4-4AE7-B906-23574D8F53EF}.Debug|ARM.Deploy.0 = Debug|iPhone
		{0236A053-52A4-4AE7-B906-23574D8F53EF}.Debug|iPhone.ActiveCfg = Debug|iPhone
		{0236A053-52A4-4AE7-B906-23574D8F53EF}.Debug|iPhone.Build.0 = Debug|iPhone
		{0236A053-52A4-4AE7-B906-23574D8F53EF}.Debug|iPhone.Deploy.0 = Debug|iPhone
		{0236A053-52A4-4AE7-B906-23574D8F53EF}.Debug|iPhoneSimulator.ActiveCfg = Debug|iPhoneSimulator
		{0236A053-52A4-4AE7-B906-23574D8F53EF}.Debug|iPhoneSimulator.Build.0 = Debug|iPhoneSimulator
		{0236A053-52A4-4AE7-B906-23574D8F53EF}.Debug|iPhoneSimulator.Deploy.0 = Debug|iPhoneSimulator
		{0236A053-52A4-4AE7-B906-23574D8F53EF}.Debug|x64.ActiveCfg = Debug|iPhone
		{0236A053-52A4-4AE7-B906-23574D8F53EF}.Debug|x64.Build.0 = Debug|iPhone
		{0236A053-52A4-4AE7-B906-23574D8F53EF}.Debug|x64.Deploy.0 = Debug|iPhone
		{0236A053-52A4-4AE7-B906-23574D8F53EF}.Debug|x86.ActiveCfg = Debug|iPhone
		{0236A053-52A4-4AE7-B906-23574D8F53EF}.Debug|x86.Build.0 = Debug|iPhone
		{0236A053-52A4-4AE7-B906-23574D8F53EF}.Debug|x86.Deploy.0 = Debug|iPhone
		{0236A053-52A4-4AE7-B906-23574D8F53EF}.Release|Any CPU.ActiveCfg = Release|iPhone
		{0236A053-52A4-4AE7-B906-23574D8F53EF}.Release|Any CPU.Build.0 = Release|iPhone
		{0236A053-52A4-4AE7-B906-23574D8F53EF}.Release|Any CPU.Deploy.0 = Release|iPhone
		{0236A053-52A4-4AE7-B906-23574D8F53EF}.Release|ARM.ActiveCfg = Release|iPhone
		{0236A053-52A4-4AE7-B906-23574D8F53EF}.Release|ARM.Build.0 = Release|iPhone
		{0236A053-52A4-4AE7-B906-23574D8F53EF}.Release|ARM.Deploy.0 = Release|iPhone
		{0236A053-52A4-4AE7-B906-23574D8F53EF}.Release|iPhone.ActiveCfg = Release|iPhone
		{0236A053-52A4-4AE7-B906-23574D8F53EF}.Release|iPhone.Build.0 = Release|iPhone
		{0236A053-52A4-4AE7-B906-23574D8F53EF}.Release|iPhone.Deploy.0 = Release|iPhone
		{0236A053-52A4-4AE7-B906-23574D8F53EF}.Release|iPhoneSimulator.ActiveCfg = Release|iPhoneSimulator
		{0236A053-52A4-4AE7-B906-23574D8F53EF}.Release|iPhoneSimulator.Build.0 = Release|iPhoneSimulator
		{0236A053-52A4-4AE7-B906-23574D8F53EF}.Release|iPhoneSimulator.Deploy.0 = Release|iPhoneSimulator
		{0236A053-52A4-4AE7-B906-23574D8F53EF}.Release|x64.ActiveCfg = Release|iPhone
		{0236A053-52A4-4AE7-B906-23574D8F53EF}.Release|x64.Build.0 = Release|iPhone
		{0236A053-52A4-4AE7-B906-23574D8F53EF}.Release|x64.Deploy.0 = Release|iPhone
		{0236A053-52A4-4AE7-B906-23574D8F53EF}.Release|x86.ActiveCfg = Release|iPhone
		{0236A053-52A4-4AE7-B906-23574D8F53EF}.Release|x86.Build.0 = Release|iPhone
		{0236A053-52A4-4AE7-B906-23574D8F53EF}.Release|x86.Deploy.0 = Release|iPhone
		{55D21E2B-7F13-4B7B-ABCC-4DCC2CFC98C1}.Ad-Hoc|Any CPU.ActiveCfg = Release|x86
		{55D21E2B-7F13-4B7B-ABCC-4DCC2CFC98C1}.Ad-Hoc|Any CPU.Build.0 = Release|x86
		{55D21E2B-7F13-4B7B-ABCC-4DCC2CFC98C1}.Ad-Hoc|Any CPU.Deploy.0 = Release|x86
		{55D21E2B-7F13-4B7B-ABCC-4DCC2CFC98C1}.Ad-Hoc|ARM.ActiveCfg = Release|ARM
		{55D21E2B-7F13-4B7B-ABCC-4DCC2CFC98C1}.Ad-Hoc|ARM.Build.0 = Release|ARM
		{55D21E2B-7F13-4B7B-ABCC-4DCC2CFC98C1}.Ad-Hoc|ARM.Deploy.0 = Release|ARM
		{55D21E2B-7F13-4B7B-ABCC-4DCC2CFC98C1}.Ad-Hoc|iPhone.ActiveCfg = Release|x86
		{55D21E2B-7F13-4B7B-ABCC-4DCC2CFC98C1}.Ad-Hoc|iPhone.Build.0 = Release|x86
		{55D21E2B-7F13-4B7B-ABCC-4DCC2CFC98C1}.Ad-Hoc|iPhone.Deploy.0 = Release|x86
		{55D21E2B-7F13-4B7B-ABCC-4DCC2CFC98C1}.Ad-Hoc|iPhoneSimulator.ActiveCfg = Release|x86
		{55D21E2B-7F13-4B7B-ABCC-4DCC2CFC98C1}.Ad-Hoc|iPhoneSimulator.Build.0 = Release|x86
		{55D21E2B-7F13-4B7B-ABCC-4DCC2CFC98C1}.Ad-Hoc|iPhoneSimulator.Deploy.0 = Release|x86
		{55D21E2B-7F13-4B7B-ABCC-4DCC2CFC98C1}.Ad-Hoc|x64.ActiveCfg = Release|x64
		{55D21E2B-7F13-4B7B-ABCC-4DCC2CFC98C1}.Ad-Hoc|x64.Build.0 = Release|x64
		{55D21E2B-7F13-4B7B-ABCC-4DCC2CFC98C1}.Ad-Hoc|x64.Deploy.0 = Release|x64
		{55D21E2B-7F13-4B7B-ABCC-4DCC2CFC98C1}.Ad-Hoc|x86.ActiveCfg = Release|x86
		{55D21E2B-7F13-4B7B-ABCC-4DCC2CFC98C1}.Ad-Hoc|x86.Build.0 = Release|x86
		{55D21E2B-7F13-4B7B-ABCC-4DCC2CFC98C1}.Ad-Hoc|x86.Deploy.0 = Release|x86
		{55D21E2B-7F13-4B7B-ABCC-4DCC2CFC98C1}.AppStore|Any CPU.ActiveCfg = Release|x86
		{55D21E2B-7F13-4B7B-ABCC-4DCC2CFC98C1}.AppStore|Any CPU.Build.0 = Release|x86
		{55D21E2B-7F13-4B7B-ABCC-4DCC2CFC98C1}.AppStore|Any CPU.Deploy.0 = Release|x86
		{55D21E2B-7F13-4B7B-ABCC-4DCC2CFC98C1}.AppStore|ARM.ActiveCfg = Release|ARM
		{55D21E2B-7F13-4B7B-ABCC-4DCC2CFC98C1}.AppStore|ARM.Build.0 = Release|ARM
		{55D21E2B-7F13-4B7B-ABCC-4DCC2CFC98C1}.AppStore|ARM.Deploy.0 = Release|ARM
		{55D21E2B-7F13-4B7B-ABCC-4DCC2CFC98C1}.AppStore|iPhone.ActiveCfg = Release|x86
		{55D21E2B-7F13-4B7B-ABCC-4DCC2CFC98C1}.AppStore|iPhone.Build.0 = Release|x86
		{55D21E2B-7F13-4B7B-ABCC-4DCC2CFC98C1}.AppStore|iPhone.Deploy.0 = Release|x86
		{55D21E2B-7F13-4B7B-ABCC-4DCC2CFC98C1}.AppStore|iPhoneSimulator.ActiveCfg = Release|x86
		{55D21E2B-7F13-4B7B-ABCC-4DCC2CFC98C1}.AppStore|iPhoneSimulator.Build.0 = Release|x86
		{55D21E2B-7F13-4B7B-ABCC-4DCC2CFC98C1}.AppStore|iPhoneSimulator.Deploy.0 = Release|x86
		{55D21E2B-7F13-4B7B-ABCC-4DCC2CFC98C1}.AppStore|x64.ActiveCfg = Release|x64
		{55D21E2B-7F13-4B7B-ABCC-4DCC2CFC98C1}.AppStore|x64.Build.0 = Release|x64
		{55D21E2B-7F13-4B7B-ABCC-4DCC2CFC98C1}.AppStore|x64.Deploy.0 = Release|x64
		{55D21E2B-7F13-4B7B-ABCC-4DCC2CFC98C1}.AppStore|x86.ActiveCfg = Release|x86
		{55D21E2B-7F13-4B7B-ABCC-4DCC2CFC98C1}.AppStore|x86.Build.0 = Release|x86
		{55D21E2B-7F13-4B7B-ABCC-4DCC2CFC98C1}.AppStore|x86.Deploy.0 = Release|x86
		{55D21E2B-7F13-4B7B-ABCC-4DCC2CFC98C1}.Debug|Any CPU.ActiveCfg = Debug|x86
		{55D21E2B-7F13-4B7B-ABCC-4DCC2CFC98C1}.Debug|Any CPU.Build.0 = Debug|x86
		{55D21E2B-7F13-4B7B-ABCC-4DCC2CFC98C1}.Debug|Any CPU.Deploy.0 = Debug|x86
		{55D21E2B-7F13-4B7B-ABCC-4DCC2CFC98C1}.Debug|ARM.ActiveCfg = Debug|ARM
		{55D21E2B-7F13-4B7B-ABCC-4DCC2CFC98C1}.Debug|ARM.Build.0 = Debug|ARM
		{55D21E2B-7F13-4B7B-ABCC-4DCC2CFC98C1}.Debug|ARM.Deploy.0 = Debug|ARM
		{55D21E2B-7F13-4B7B-ABCC-4DCC2CFC98C1}.Debug|iPhone.ActiveCfg = Debug|x86
		{55D21E2B-7F13-4B7B-ABCC-4DCC2CFC98C1}.Debug|iPhone.Build.0 = Debug|x86
		{55D21E2B-7F13-4B7B-ABCC-4DCC2CFC98C1}.Debug|iPhone.Deploy.0 = Debug|x86
		{55D21E2B-7F13-4B7B-ABCC-4DCC2CFC98C1}.Debug|iPhoneSimulator.ActiveCfg = Debug|x86
		{55D21E2B-7F13-4B7B-ABCC-4DCC2CFC98C1}.Debug|iPhoneSimulator.Build.0 = Debug|x86
		{55D21E2B-7F13-4B7B-ABCC-4DCC2CFC98C1}.Debug|iPhoneSimulator.Deploy.0 = Debug|x86
		{55D21E2B-7F13-4B7B-ABCC-4DCC2CFC98C1}.Debug|x64.ActiveCfg = Debug|x64
		{55D21E2B-7F13-4B7B-ABCC-4DCC2CFC98C1}.Debug|x64.Build.0 = Debug|x64
		{55D21E2B-7F13-4B7B-ABCC-4DCC2CFC98C1}.Debug|x64.Deploy.0 = Debug|x64
		{55D21E2B-7F13-4B7B-ABCC-4DCC2CFC98C1}.Debug|x86.ActiveCfg = Debug|x86
		{55D21E2B-7F13-4B7B-ABCC-4DCC2CFC98C1}.Debug|x86.Build.0 = Debug|x86
		{55D21E2B-7F13-4B7B-ABCC-4DCC2CFC98C1}.Debug|x86.Deploy.0 = Debug|x86
		{55D21E2B-7F13-4B7B-ABCC-4DCC2CFC98C1}.Release|Any CPU.ActiveCfg = Release|x86
		{55D21E2B-7F13-4B7B-ABCC-4DCC2CFC98C1}.Release|Any CPU.Build.0 = Release|x86
		{55D21E2B-7F13-4B7B-ABCC-4DCC2CFC98C1}.Release|Any CPU.Deploy.0 = Release|x86
		{55D21E2B-7F13-4B7B-ABCC-4DCC2CFC98C1}.Release|ARM.ActiveCfg = Release|ARM
		{55D21E2B-7F13-4B7B-ABCC-4DCC2CFC98C1}.Release|ARM.Build.0 = Release|ARM
		{55D21E2B-7F13-4B7B-ABCC-4DCC2CFC98C1}.Release|ARM.Deploy.0 = Release|ARM
		{55D21E2B-7F13-4B7B-ABCC-4DCC2CFC98C1}.Release|iPhone.ActiveCfg = Release|x86
		{55D21E2B-7F13-4B7B-ABCC-4DCC2CFC98C1}.Release|iPhone.Build.0 = Release|x86
		{55D21E2B-7F13-4B7B-ABCC-4DCC2CFC98C1}.Release|iPhone.Deploy.0 = Release|x86
		{55D21E2B-7F13-4B7B-ABCC-4DCC2CFC98C1}.Release|iPhoneSimulator.ActiveCfg = Release|x86
		{55D21E2B-7F13-4B7B-ABCC-4DCC2CFC98C1}.Release|iPhoneSimulator.Build.0 = Release|x86
		{55D21E2B-7F13-4B7B-ABCC-4DCC2CFC98C1}.Release|iPhoneSimulator.Deploy.0 = Release|x86
		{55D21E2B-7F13-4B7B-ABCC-4DCC2CFC98C1}.Release|x64.ActiveCfg = Release|x64
		{55D21E2B-7F13-4B7B-ABCC-4DCC2CFC98C1}.Release|x64.Build.0 = Release|x64
		{55D21E2B-7F13-4B7B-ABCC-4DCC2CFC98C1}.Release|x64.Deploy.0 = Release|x64
		{55D21E2B-7F13-4B7B-ABCC-4DCC2CFC98C1}.Release|x86.ActiveCfg = Release|x86
		{55D21E2B-7F13-4B7B-ABCC-4DCC2CFC98C1}.Release|x86.Build.0 = Release|x86
		{55D21E2B-7F13-4B7B-ABCC-4DCC2CFC98C1}.Release|x86.Deploy.0 = Release|x86
		{7682EEE2-2A9F-4CEF-8952-4EFFF0958853}.Ad-Hoc|Any CPU.ActiveCfg = Debug|Any CPU
		{7682EEE2-2A9F-4CEF-8952-4EFFF0958853}.Ad-Hoc|Any CPU.Build.0 = Debug|Any CPU
		{7682EEE2-2A9F-4CEF-8952-4EFFF0958853}.Ad-Hoc|Any CPU.Deploy.0 = Debug|Any CPU
		{7682EEE2-2A9F-4CEF-8952-4EFFF0958853}.Ad-Hoc|ARM.ActiveCfg = Debug|Any CPU
		{7682EEE2-2A9F-4CEF-8952-4EFFF0958853}.Ad-Hoc|ARM.Build.0 = Debug|Any CPU
		{7682EEE2-2A9F-4CEF-8952-4EFFF0958853}.Ad-Hoc|ARM.Deploy.0 = Debug|Any CPU
		{7682EEE2-2A9F-4CEF-8952-4EFFF0958853}.Ad-Hoc|iPhone.ActiveCfg = Debug|Any CPU
		{7682EEE2-2A9F-4CEF-8952-4EFFF0958853}.Ad-Hoc|iPhone.Build.0 = Debug|Any CPU
		{7682EEE2-2A9F-4CEF-8952-4EFFF0958853}.Ad-Hoc|iPhone.Deploy.0 = Debug|Any CPU
		{7682EEE2-2A9F-4CEF-8952-4EFFF0958853}.Ad-Hoc|iPhoneSimulator.ActiveCfg = Debug|Any CPU
		{7682EEE2-2A9F-4CEF-8952-4EFFF0958853}.Ad-Hoc|iPhoneSimulator.Build.0 = Debug|Any CPU
		{7682EEE2-2A9F-4CEF-8952-4EFFF0958853}.Ad-Hoc|iPhoneSimulator.Deploy.0 = Debug|Any CPU
		{7682EEE2-2A9F-4CEF-8952-4EFFF0958853}.Ad-Hoc|x64.ActiveCfg = Debug|Any CPU
		{7682EEE2-2A9F-4CEF-8952-4EFFF0958853}.Ad-Hoc|x64.Build.0 = Debug|Any CPU
		{7682EEE2-2A9F-4CEF-8952-4EFFF0958853}.Ad-Hoc|x64.Deploy.0 = Debug|Any CPU
		{7682EEE2-2A9F-4CEF-8952-4EFFF0958853}.Ad-Hoc|x86.ActiveCfg = Debug|Any CPU
		{7682EEE2-2A9F-4CEF-8952-4EFFF0958853}.Ad-Hoc|x86.Build.0 = Debug|Any CPU
		{7682EEE2-2A9F-4CEF-8952-4EFFF0958853}.Ad-Hoc|x86.Deploy.0 = Debug|Any CPU
		{7682EEE2-2A9F-4CEF-8952-4EFFF0958853}.AppStore|Any CPU.ActiveCfg = Debug|Any CPU
		{7682EEE2-2A9F-4CEF-8952-4EFFF0958853}.AppStore|Any CPU.Build.0 = Debug|Any CPU
		{7682EEE2-2A9F-4CEF-8952-4EFFF0958853}.AppStore|Any CPU.Deploy.0 = Debug|Any CPU
		{7682EEE2-2A9F-4CEF-8952-4EFFF0958853}.AppStore|ARM.ActiveCfg = Debug|Any CPU
		{7682EEE2-2A9F-4CEF-8952-4EFFF0958853}.AppStore|ARM.Build.0 = Debug|Any CPU
		{7682EEE2-2A9F-4CEF-8952-4EFFF0958853}.AppStore|ARM.Deploy.0 = Debug|Any CPU
		{7682EEE2-2A9F-4CEF-8952-4EFFF0958853}.AppStore|iPhone.ActiveCfg = Debug|Any CPU
		{7682EEE2-2A9F-4CEF-8952-4EFFF0958853}.AppStore|iPhone.Build.0 = Debug|Any CPU
		{7682EEE2-2A9F-4CEF-8952-4EFFF0958853}.AppStore|iPhone.Deploy.0 = Debug|Any CPU
		{7682EEE2-2A9F-4CEF-8952-4EFFF0958853}.AppStore|iPhoneSimulator.ActiveCfg = Debug|Any CPU
		{7682EEE2-2A9F-4CEF-8952-4EFFF0958853}.AppStore|iPhoneSimulator.Build.0 = Debug|Any CPU
		{7682EEE2-2A9F-4CEF-8952-4EFFF0958853}.AppStore|iPhoneSimulator.Deploy.0 = Debug|Any CPU
		{7682EEE2-2A9F-4CEF-8952-4EFFF0958853}.AppStore|x64.ActiveCfg = Debug|Any CPU
		{7682EEE2-2A9F-4CEF-8952-4EFFF0958853}.AppStore|x64.Build.0 = Debug|Any CPU
		{7682EEE2-2A9F-4CEF-8952-4EFFF0958853}.AppStore|x64.Deploy.0 = Debug|Any CPU
		{7682EEE2-2A9F-4CEF-8952-4EFFF0958853}.AppStore|x86.ActiveCfg = Debug|Any CPU
		{7682EEE2-2A9F-4CEF-8952-4EFFF0958853}.AppStore|x86.Build.0 = Debug|Any CPU
		{7682EEE2-2A9F-4CEF-8952-4EFFF0958853}.AppStore|x86.Deploy.0 = Debug|Any CPU
		{7682EEE2-2A9F-4CEF-8952-4EFFF0958853}.Debug|Any CPU.ActiveCfg = Debug|Any CPU
		{7682EEE2-2A9F-4CEF-8952-4EFFF0958853}.Debug|Any CPU.Build.0 = Debug|Any CPU
		{7682EEE2-2A9F-4CEF-8952-4EFFF0958853}.Debug|Any CPU.Deploy.0 = Debug|Any CPU
		{7682EEE2-2A9F-4CEF-8952-4EFFF0958853}.Debug|ARM.ActiveCfg = Debug|Any CPU
		{7682EEE2-2A9F-4CEF-8952-4EFFF0958853}.Debug|ARM.Build.0 = Debug|Any CPU
		{7682EEE2-2A9F-4CEF-8952-4EFFF0958853}.Debug|ARM.Deploy.0 = Debug|Any CPU
		{7682EEE2-2A9F-4CEF-8952-4EFFF0958853}.Debug|iPhone.ActiveCfg = Debug|Any CPU
		{7682EEE2-2A9F-4CEF-8952-4EFFF0958853}.Debug|iPhone.Build.0 = Debug|Any CPU
		{7682EEE2-2A9F-4CEF-8952-4EFFF0958853}.Debug|iPhone.Deploy.0 = Debug|Any CPU
		{7682EEE2-2A9F-4CEF-8952-4EFFF0958853}.Debug|iPhoneSimulator.ActiveCfg = Debug|Any CPU
		{7682EEE2-2A9F-4CEF-8952-4EFFF0958853}.Debug|iPhoneSimulator.Build.0 = Debug|Any CPU
		{7682EEE2-2A9F-4CEF-8952-4EFFF0958853}.Debug|iPhoneSimulator.Deploy.0 = Debug|Any CPU
		{7682EEE2-2A9F-4CEF-8952-4EFFF0958853}.Debug|x64.ActiveCfg = Debug|Any CPU
		{7682EEE2-2A9F-4CEF-8952-4EFFF0958853}.Debug|x64.Build.0 = Debug|Any CPU
		{7682EEE2-2A9F-4CEF-8952-4EFFF0958853}.Debug|x64.Deploy.0 = Debug|Any CPU
		{7682EEE2-2A9F-4CEF-8952-4EFFF0958853}.Debug|x86.ActiveCfg = Debug|Any CPU
		{7682EEE2-2A9F-4CEF-8952-4EFFF0958853}.Debug|x86.Build.0 = Debug|Any CPU
		{7682EEE2-2A9F-4CEF-8952-4EFFF0958853}.Debug|x86.Deploy.0 = Debug|Any CPU
		{7682EEE2-2A9F-4CEF-8952-4EFFF0958853}.Release|Any CPU.ActiveCfg = Release|Any CPU
		{7682EEE2-2A9F-4CEF-8952-4EFFF0958853}.Release|Any CPU.Build.0 = Release|Any CPU
		{7682EEE2-2A9F-4CEF-8952-4EFFF0958853}.Release|Any CPU.Deploy.0 = Release|Any CPU
		{7682EEE2-2A9F-4CEF-8952-4EFFF0958853}.Release|ARM.ActiveCfg = Release|Any CPU
		{7682EEE2-2A9F-4CEF-8952-4EFFF0958853}.Release|ARM.Build.0 = Release|Any CPU
		{7682EEE2-2A9F-4CEF-8952-4EFFF0958853}.Release|ARM.Deploy.0 = Release|Any CPU
		{7682EEE2-2A9F-4CEF-8952-4EFFF0958853}.Release|iPhone.ActiveCfg = Release|Any CPU
		{7682EEE2-2A9F-4CEF-8952-4EFFF0958853}.Release|iPhone.Build.0 = Release|Any CPU
		{7682EEE2-2A9F-4CEF-8952-4EFFF0958853}.Release|iPhone.Deploy.0 = Release|Any CPU
		{7682EEE2-2A9F-4CEF-8952-4EFFF0958853}.Release|iPhoneSimulator.ActiveCfg = Release|Any CPU
		{7682EEE2-2A9F-4CEF-8952-4EFFF0958853}.Release|iPhoneSimulator.Build.0 = Release|Any CPU
		{7682EEE2-2A9F-4CEF-8952-4EFFF0958853}.Release|iPhoneSimulator.Deploy.0 = Release|Any CPU
		{7682EEE2-2A9F-4CEF-8952-4EFFF0958853}.Release|x64.ActiveCfg = Release|Any CPU
		{7682EEE2-2A9F-4CEF-8952-4EFFF0958853}.Release|x64.Build.0 = Release|Any CPU
		{7682EEE2-2A9F-4CEF-8952-4EFFF0958853}.Release|x64.Deploy.0 = Release|Any CPU
		{7682EEE2-2A9F-4CEF-8952-4EFFF0958853}.Release|x86.ActiveCfg = Release|Any CPU
		{7682EEE2-2A9F-4CEF-8952-4EFFF0958853}.Release|x86.Build.0 = Release|Any CPU
		{7682EEE2-2A9F-4CEF-8952-4EFFF0958853}.Release|x86.Deploy.0 = Release|Any CPU
	EndGlobalSection
	GlobalSection(SolutionProperties) = preSolution
		HideSolutionNode = FALSE
	EndGlobalSection
	GlobalSection(ExtensibilityGlobals) = postSolution
		SolutionGuid = {4C96ADDE-AC2F-4DED-A86A-145D2A86BFD5}
	EndGlobalSection
EndGlobal
